
Microsoft Visual Studio Solution File, Format Version 12.00
# Visual Studio Version 17
VisualStudioVersion = 17.3.32505.426
MinimumVisualStudioVersion = 10.0.40219.1
Project("{FAE04EC0-301F-11D3-BF4B-00C04F79EFBC}") = "Day9", "Day9\Day9.csproj", "{EC7D6B48-0236-41BC-9438-89CD7852ECC0}"
EndProject
Global
	GlobalSection(SolutionConfigurationPlatforms) = preSolution
		Debug|Any CPU = Debug|Any CPU
		Release|Any CPU = Release|Any CPU
	EndGlobalSection
	GlobalSection(ProjectConfigurationPlatforms) = postSolution
		{EC7D6B48-0236-41BC-9438-89CD7852ECC0}.Debug|Any CPU.ActiveCfg = Debug|Any CPU
		{EC7D6B48-0236-41BC-9438-89CD7852ECC0}.Debug|Any CPU.Build.0 = Debug|Any CPU
		{EC7D6B48-0236-41BC-9438-89CD7852ECC0}.Release|Any CPU.ActiveCfg = Release|Any CPU
		{EC7D6B48-0236-41BC-9438-89CD7852ECC0}.Release|Any CPU.Build.0 = Release|Any CPU
	EndGlobalSection
	GlobalSection(SolutionProperties) = preSolution
		HideSolutionNode = FALSE
	EndGlobalSection
	GlobalSection(ExtensibilityGlobals) = postSolution
		SolutionGuid = {C8775715-B628-4DAE-AC75-C28C4BE867C4}
	EndGlobalSection
EndGlobal
